
Microsoft Visual Studio Solution File, Format Version 12.00
# Visual Studio Version 17
VisualStudioVersion = 17.3.32901.215
MinimumVisualStudioVersion = 10.0.40219.1
Project("{FAE04EC0-301F-11D3-BF4B-00C04F79EFBC}") = "CalcService", "CalcService\CalcService.csproj", "{D9F9FD7C-5EFF-4F6A-92D6-F9148C1E0027}"
EndProject
Project("{FAE04EC0-301F-11D3-BF4B-00C04F79EFBC}") = "WordCalc", "WordCalc\WordCalc.csproj", "{FF15B857-6E91-4F80-B2E9-E7B5B8AAE0B1}"
EndProject
Project("{FAE04EC0-301F-11D3-BF4B-00C04F79EFBC}") = "MainAppClient", "MainAppClient\MainAppClient.csproj", "{40A2EF4D-12E7-4960-BC6F-00504B923BCA}"
	ProjectSection(ProjectDependencies) = postProject
		{D9F9FD7C-5EFF-4F6A-92D6-F9148C1E0027} = {D9F9FD7C-5EFF-4F6A-92D6-F9148C1E0027}
	EndProjectSection
EndProject
Global
	GlobalSection(SolutionConfigurationPlatforms) = preSolution
		Debug|Any CPU = Debug|Any CPU
		Release|Any CPU = Release|Any CPU
	EndGlobalSection
	GlobalSection(ProjectConfigurationPlatforms) = postSolution
		{D9F9FD7C-5EFF-4F6A-92D6-F9148C1E0027}.Debug|Any CPU.ActiveCfg = Debug|Any CPU
		{D9F9FD7C-5EFF-4F6A-92D6-F9148C1E0027}.Debug|Any CPU.Build.0 = Debug|Any CPU
		{D9F9FD7C-5EFF-4F6A-92D6-F9148C1E0027}.Release|Any CPU.ActiveCfg = Release|Any CPU
		{D9F9FD7C-5EFF-4F6A-92D6-F9148C1E0027}.Release|Any CPU.Build.0 = Release|Any CPU
		{FF15B857-6E91-4F80-B2E9-E7B5B8AAE0B1}.Debug|Any CPU.ActiveCfg = Debug|Any CPU
		{FF15B857-6E91-4F80-B2E9-E7B5B8AAE0B1}.Debug|Any CPU.Build.0 = Debug|Any CPU
		{FF15B857-6E91-4F80-B2E9-E7B5B8AAE0B1}.Release|Any CPU.ActiveCfg = Release|Any CPU
		{FF15B857-6E91-4F80-B2E9-E7B5B8AAE0B1}.Release|Any CPU.Build.0 = Release|Any CPU
		{40A2EF4D-12E7-4960-BC6F-00504B923BCA}.Debug|Any CPU.ActiveCfg = Debug|Any CPU
		{40A2EF4D-12E7-4960-BC6F-00504B923BCA}.Debug|Any CPU.Build.0 = Debug|Any CPU
		{40A2EF4D-12E7-4960-BC6F-00504B923BCA}.Release|Any CPU.ActiveCfg = Release|Any CPU
		{40A2EF4D-12E7-4960-BC6F-00504B923BCA}.Release|Any CPU.Build.0 = Release|Any CPU
	EndGlobalSection
	GlobalSection(SolutionProperties) = preSolution
		HideSolutionNode = FALSE
	EndGlobalSection
	GlobalSection(ExtensibilityGlobals) = postSolution
		SolutionGuid = {6ED0E71E-5BF9-4A7C-A93C-A6A8E2E3C844}
	EndGlobalSection
EndGlobal
